PODS:
  - Alamofire (4.7.0)
  - CocoaLumberjack/Default (3.4.1)
  - CocoaLumberjack/Swift (3.4.1):
    - CocoaLumberjack/Default
  - FlexLayout (1.3.5)
  - LeadKit (0.6.7):
    - LeadKit/Core (= 0.6.7)
  - LeadKit/Core (0.6.7):
    - CocoaLumberjack/Swift (~> 3.4)
    - ObjectMapper (~> 3.0)
    - RxAlamofire (~> 4.1)
    - RxCocoa (~> 4.1)
    - RxSwift (~> 4.1)
    - TableKit (~> 2.6)
    - UIScrollView-InfiniteScroll (~> 1.0.0)
  - Nuke (6.1)
  - ObjectMapper (3.1.0)
  - PinLayout (1.5.9)
  - RxAlamofire (4.1.0):
    - RxAlamofire/Core (= 4.1.0)
  - RxAlamofire/Core (4.1.0):
    - Alamofire (~> 4.5)
    - RxSwift (~> 4.0)
  - RxCocoa (4.1.2):
    - RxSwift (~> 4.0)
  - RxSwift (4.1.2)
  - TableKit (2.6.0)
  - UIScrollView-InfiniteScroll (1.0.2)

DEPENDENCIES:
  - FlexLayout
  - LeadKit (from `/Users/ivansmolin/Projects/tmp/LeadKit`)
  - Nuke
  - PinLayout

EXTERNAL SOURCES:
  LeadKit:
    :path: /Users/ivansmolin/Projects/tmp/LeadKit

SPEC CHECKSUMS:
  Alamofire: 907e0a98eb68cdb7f9d1f541a563d6ac5dc77b25
  CocoaLumberjack: 2e258a064cacc8eb9a2aca318e24d02a0a7fd56d
  FlexLayout: 8cfa915850eab120c3d89c3b8b02e3aca96de554
  LeadKit: 79e1ee31ea2ea4f128b0fb2a2fc7ccab0f205342
  Nuke: 0513c8d156bd9a2adb15db70622c3527f44542c5
  ObjectMapper: 20505058f54e5c3ca69e1d6de9897d152a5369a6
  PinLayout: b2ebf8622b28e82b6e1216ab4e4a0a8d082214fe
  RxAlamofire: 96a2bff4694a1609bb59c57b53d99ea7a0ddc64a
  RxCocoa: d88ba0f1f6abf040011a9eb4b539324fc426843a
  RxSwift: e49536837d9901277638493ea537394d4b55f570
  TableKit: 61880e4c13ac0ba396a308fcb1ae48f6dec8b458
  UIScrollView-InfiniteScroll: c132d6d5851daff229ab4a1060ccf70a05a051c9

PODFILE CHECKSUM: 59e999d8e89ca44693253c7e1aa98f40f95bf6b8

COCOAPODS: 1.4.0
